
Microsoft Visual Studio Solution File, Format Version 12.00
# Visual Studio Version 16
VisualStudioVersion = 16.0.30523.141
MinimumVisualStudioVersion = 10.0.40219.1
Project("{FAE04EC0-301F-11D3-BF4B-00C04F79EFBC}") = "HelloWorld", "HelloWorld\HelloWorld.csproj", "{373BE821-E598-4490-B0C9-C23B48D899EB}"
EndProject
Global
	GlobalSection(SolutionConfigurationPlatforms) = preSolution
		Debug|Any CPU = Debug|Any CPU
		Release|Any CPU = Release|Any CPU
	EndGlobalSection
	GlobalSection(ProjectConfigurationPlatforms) = postSolution
		{373BE821-E598-4490-B0C9-C23B48D899EB}.Debug|Any CPU.ActiveCfg = Debug|Any CPU
		{373BE821-E598-4490-B0C9-C23B48D899EB}.Debug|Any CPU.Build.0 = Debug|Any CPU
		{373BE821-E598-4490-B0C9-C23B48D899EB}.Release|Any CPU.ActiveCfg = Release|Any CPU
		{373BE821-E598-4490-B0C9-C23B48D899EB}.Release|Any CPU.Build.0 = Release|Any CPU
	EndGlobalSection
	GlobalSection(SolutionProperties) = preSolution
		HideSolutionNode = FALSE
	EndGlobalSection
	GlobalSection(ExtensibilityGlobals) = postSolution
		SolutionGuid = {B8B4EA41-1439-4738-A6E6-E5F5B8C77A93}
	EndGlobalSection
EndGlobal
